PODS:
  - Capacitor (6.2.1):
    - CapacitorCordova
  - CapacitorCommunityFcm (6.0.1):
    - Capacitor
    - Firebase/Messaging
  - CapacitorCordova (6.2.1)
  - CapacitorPushNotifications (6.0.5):
    - Capacitor
  - Firebase/CoreOnly (11.15.0):
    - FirebaseCore (~> 11.15.0)
  - Firebase/Messaging (11.15.0):
    - Firebase/CoreOnly
    - FirebaseMessaging (~> 11.15.0)
  - FirebaseCore (11.15.0):
    - FirebaseCoreInternal (~> 11.15.0)
    - GoogleUtilities/Environment (~> 8.1)
    - GoogleUtilities/Logger (~> 8.1)
  - FirebaseCoreInternal (11.15.0):
    - "GoogleUtilities/NSData+zlib (~> 8.1)"
  - FirebaseInstallations (11.15.0):
    - FirebaseCore (~> 11.15.0)
    - GoogleUtilities/Environment (~> 8.1)
    - GoogleUtilities/UserDefaults (~> 8.1)
    - PromisesObjC (~> 2.4)
  - FirebaseMessaging (11.15.0):
    - FirebaseCore (~> 11.15.0)
    - FirebaseInstallations (~> 11.0)
    - GoogleDataTransport (~> 10.0)
    - GoogleUtilities/AppDelegateSwizzler (~> 8.1)
    - GoogleUtilities/Environment (~> 8.1)
    - GoogleUtilities/Reachability (~> 8.1)
    - GoogleUtilities/UserDefaults (~> 8.1)
    - nanopb (~> 3.30910.0)
  - GoogleDataTransport (10.1.0):
    - nanopb (~> 3.30910.0)
    - PromisesObjC (~> 2.4)
  - GoogleUtilities/AppDelegateSwizzler (8.1.2):
    - GoogleUtilities/Environment
    - GoogleUtilities/Logger
    - GoogleUtilities/Network
    - GoogleUtilities/Privacy
  - GoogleUtilities/Environment (8.1.2):
    - GoogleUtilities/Privacy
  - GoogleUtilities/Logger (8.1.2):
    - GoogleUtilities/Environment
    - GoogleUtilities/Privacy
  - GoogleUtilities/Network (8.1.2):
    - GoogleUtilities/Logger
    - "GoogleUtilities/NSData+zlib"
    - GoogleUtilities/Privacy
    - GoogleUtilities/Reachability
  - "GoogleUtilities/NSData+zlib (8.1.2)":
    - GoogleUtilities/Privacy
  - GoogleUtilities/Privacy (8.1.2)
  - GoogleUtilities/Reachability (8.1.2):
    - GoogleUtilities/Logger
    - GoogleUtilities/Privacy
  - GoogleUtilities/UserDefaults (8.1.2):
    - GoogleUtilities/Logger
    - GoogleUtilities/Privacy
  - nanopb (3.30910.0):
    - nanopb/decode (= 3.30910.0)
    - nanopb/encode (= 3.30910.0)
  - nanopb/decode (3.30910.0)
  - nanopb/encode (3.30910.0)
  - PromisesObjC (2.4.1)

DEPENDENCIES:
  - "Capacitor (from `../../node_modules/@capacitor/ios`)"
  - "CapacitorCommunityFcm (from `../../node_modules/@capacitor-community/fcm`)"
  - "CapacitorCordova (from `../../node_modules/@capacitor/ios`)"
  - "CapacitorPushNotifications (from `../../node_modules/@capacitor/push-notifications`)"

SPEC REPOS:
  trunk:
    - Firebase
    - FirebaseCore
    - FirebaseCoreInternal
    - FirebaseInstallations
    - FirebaseMessaging
    - GoogleDataTransport
    - GoogleUtilities
    - nanopb
    - PromisesObjC

EXTERNAL SOURCES:
  Capacitor:
    :path: "../../node_modules/@capacitor/ios"
  CapacitorCommunityFcm:
    :path: "../../node_modules/@capacitor-community/fcm"
  CapacitorCordova:
    :path: "../../node_modules/@capacitor/ios"
  CapacitorPushNotifications:
    :path: "../../node_modules/@capacitor/push-notifications"

SPEC CHECKSUMS:
  Capacitor: 1e0d0e7330dea9f983b50da737d8918abcf273f8
  CapacitorCommunityFcm: 0a32662314c7f940356c5bf1b0246ca4b4120f33
  CapacitorCordova: 8d93e14982f440181be7304aa9559ca631d77fff
  CapacitorPushNotifications: 83974a7be0f6829c26148f6ed65745b96a7d16bd
  Firebase: d99ac19b909cd2c548339c2241ecd0d1599ab02e
  FirebaseCore: efb3893e5b94f32b86e331e3bd6dadf18b66568e
  FirebaseCoreInternal: 9afa45b1159304c963da48addb78275ef701c6b4
  FirebaseInstallations: 317270fec08a5d418fdbc8429282238cab3ac843
  FirebaseMessaging: 3b26e2cee503815e01c3701236b020aa9b576f09
  GoogleDataTransport: aae35b7ea0c09004c3797d53c8c41f66f219d6a7
  GoogleUtilities: 766ace00c6b10d8148408f329d10c4f051931850
  nanopb: fad817b59e0457d11a5dfbde799381cd727c1275
  PromisesObjC: 752c3227f599e3467650e47ea36f433eeb10c273

PODFILE CHECKSUM: 84fb53805fbb1af1d3a81ff4c45c154ee5c5e7f5

COCOAPODS: 1.16.2
